
Microsoft Visual Studio Solution File, Format Version 12.00
# Visual Studio Version 16
VisualStudioVersion = 16.0.31424.327
MinimumVisualStudioVersion = 10.0.40219.1
Project("{9A19103F-16F7-4668-BE54-9A1E7A4F7556}") = "ApricodeApplicantWork", "ApricodeApplicantWork\ApricodeApplicantWork.csproj", "{54F2A5E3-E955-454E-9042-007ACCB51AC5}"
EndProject
Global
	GlobalSection(SolutionConfigurationPlatforms) = preSolution
		Debug|Any CPU = Debug|Any CPU
		Release|Any CPU = Release|Any CPU
	EndGlobalSection
	GlobalSection(ProjectConfigurationPlatforms) = postSolution
		{54F2A5E3-E955-454E-9042-007ACCB51AC5}.Debug|Any CPU.ActiveCfg = Debug|Any CPU
		{54F2A5E3-E955-454E-9042-007ACCB51AC5}.Debug|Any CPU.Build.0 = Debug|Any CPU
		{54F2A5E3-E955-454E-9042-007ACCB51AC5}.Release|Any CPU.ActiveCfg = Release|Any CPU
		{54F2A5E3-E955-454E-9042-007ACCB51AC5}.Release|Any CPU.Build.0 = Release|Any CPU
	EndGlobalSection
	GlobalSection(SolutionProperties) = preSolution
		HideSolutionNode = FALSE
	EndGlobalSection
	GlobalSection(ExtensibilityGlobals) = postSolution
		SolutionGuid = {A536B16A-1758-417A-BA0D-F9FB0F5B4288}
	EndGlobalSection
EndGlobal
